
Microsoft Visual Studio Solution File, Format Version 12.00
# Visual Studio Version 17
VisualStudioVersion = 17.9.34728.123
MinimumVisualStudioVersion = 10.0.40219.1
Project("{9A19103F-16F7-4668-BE54-9A1E7A4F7556}") = "VirotYubikey", "Module\VirotYubikey.csproj", "{31A0A7CD-FE21-417D-9F8A-6F8E31915D10}"
EndProject
Global
	GlobalSection(SolutionConfigurationPlatforms) = preSolution
		Debug|Any CPU = Debug|Any CPU
		Release|Any CPU = Release|Any CPU
	EndGlobalSection
	GlobalSection(ProjectConfigurationPlatforms) = postSolution
		{31A0A7CD-FE21-417D-9F8A-6F8E31915D10}.Debug|Any CPU.ActiveCfg = Debug|Any CPU
		{31A0A7CD-FE21-417D-9F8A-6F8E31915D10}.Debug|Any CPU.Build.0 = Debug|Any CPU
		{31A0A7CD-FE21-417D-9F8A-6F8E31915D10}.Release|Any CPU.ActiveCfg = Debug|Any CPU
		{31A0A7CD-FE21-417D-9F8A-6F8E31915D10}.Release|Any CPU.Build.0 = Debug|Any CPU
	EndGlobalSection
	GlobalSection(SolutionProperties) = preSolution
		HideSolutionNode = FALSE
	EndGlobalSection
	GlobalSection(ExtensibilityGlobals) = postSolution
		SolutionGuid = {AA791CC7-0990-4158-B6D8-3707BEB34D18}
	EndGlobalSection
EndGlobal
