
Microsoft Visual Studio Solution File, Format Version 12.00
# Visual Studio Version 17
VisualStudioVersion = 17.9.34728.123
MinimumVisualStudioVersion = 10.0.40219.1
Project("{FAE04EC0-301F-11D3-BF4B-00C04F79EFBC}") = "Yubikey_Powershell", "Yubikey_Powershell.csproj", "{75D0FB0F-4168-4E7B-B245-ADDF59CBE0F9}"
EndProject
Global
	GlobalSection(SolutionConfigurationPlatforms) = preSolution
		Debug|Any CPU = Debug|Any CPU
		Release|Any CPU = Release|Any CPU
	EndGlobalSection
	GlobalSection(ProjectConfigurationPlatforms) = postSolution
		{75D0FB0F-4168-4E7B-B245-ADDF59CBE0F9}.Debug|Any CPU.ActiveCfg = Debug|Any CPU
		{75D0FB0F-4168-4E7B-B245-ADDF59CBE0F9}.Debug|Any CPU.Build.0 = Debug|Any CPU
		{75D0FB0F-4168-4E7B-B245-ADDF59CBE0F9}.Release|Any CPU.ActiveCfg = Release|Any CPU
		{75D0FB0F-4168-4E7B-B245-ADDF59CBE0F9}.Release|Any CPU.Build.0 = Release|Any CPU
	EndGlobalSection
	GlobalSection(SolutionProperties) = preSolution
		HideSolutionNode = FALSE
	EndGlobalSection
	GlobalSection(ExtensibilityGlobals) = postSolution
		SolutionGuid = {AA791CC7-0990-4158-B6D8-3707BEB34D18}
	EndGlobalSection
EndGlobal
